
Microsoft Visual Studio Solution File, Format Version 12.00
# Visual Studio 15
VisualStudioVersion = 15.0.28307.1267
MinimumVisualStudioVersion = 10.0.40219.1
Project("{8BC9CEB8-8B4A-11D0-8D11-00A0C91BC942}") = "cats_inica", "cats_inica\cats_inica.vcxproj", "{95083DF8-C292-43E6-A9D4-B261F947D139}"
EndProject
Global
	GlobalSection(SolutionConfigurationPlatforms) = preSolution
		Debug|x64 = Debug|x64
		Debug|x86 = Debug|x86
		Release|x64 = Release|x64
		Release|x86 = Release|x86
	EndGlobalSection
	GlobalSection(ProjectConfigurationPlatforms) = postSolution
		{95083DF8-C292-43E6-A9D4-B261F947D139}.Debug|x64.ActiveCfg = Debug|x64
		{95083DF8-C292-43E6-A9D4-B261F947D139}.Debug|x64.Build.0 = Debug|x64
		{95083DF8-C292-43E6-A9D4-B261F947D139}.Debug|x86.ActiveCfg = Debug|Win32
		{95083DF8-C292-43E6-A9D4-B261F947D139}.Debug|x86.Build.0 = Debug|Win32
		{95083DF8-C292-43E6-A9D4-B261F947D139}.Release|x64.ActiveCfg = Release|x64
		{95083DF8-C292-43E6-A9D4-B261F947D139}.Release|x64.Build.0 = Release|x64
		{95083DF8-C292-43E6-A9D4-B261F947D139}.Release|x86.ActiveCfg = Release|Win32
		{95083DF8-C292-43E6-A9D4-B261F947D139}.Release|x86.Build.0 = Release|Win32
	EndGlobalSection
	GlobalSection(SolutionProperties) = preSolution
		HideSolutionNode = FALSE
	EndGlobalSection
	GlobalSection(ExtensibilityGlobals) = postSolution
		SolutionGuid = {BC0A91E6-16B6-45C1-862E-156901C7D0B7}
	EndGlobalSection
EndGlobal
